// !$*UTF8*$!
{
	archiveVersion = 1;
	classes = {
	};
	objectVersion = 71;
	objects = {

/* Begin PBXBuildFile section */
		051A7F9F75A6C09CFEB9BD9A /* Assets.xcassets in Resources */ = {isa = PBXBuildFile; fileRef = AFC966D68D943BF7E0AC5241 /* Assets.xcassets */; };
		0BD4B276A711C6805D006B38 /* SettingsWindowController.swift in Sources */ = {isa = PBXBuildFile; fileRef = FD0801A60281E6F706FEA3A8 /* SettingsWindowController.swift */; };
		2887088644EDD317744947D2 /* SnippetFileParser.swift in Sources */ = {isa = PBXBuildFile; fileRef = 62380449A96CB799777AF1AD /* SnippetFileParser.swift */; };
		326D0E667C9F09848F661ECB /* status-bar-icon.pdf in Resources */ = {isa = PBXBuildFile; fileRef = DA69C5DA29B6D40589638C89 /* status-bar-icon.pdf */; };
		42958F692F4833CA00FCF6E0 /* Poof.icon in Resources */ = {isa = PBXBuildFile; fileRef = 42958F682F4833CA00FCF6E0 /* Poof.icon */; };
		45617E6AFC530DDAB8DD85B8 /* AppDelegate.swift in Sources */ = {isa = PBXBuildFile; fileRef = 1802C511D59C563D70659E41 /* AppDelegate.swift */; };
		48E1E79C141041D1D7FC91DA /* TextInjector.swift in Sources */ = {isa = PBXBuildFile; fileRef = 426D8352038D814A93076BF7 /* TextInjector.swift */; };
		722A898297BB7CDEA8DFF900 /* TOMLKit in Frameworks */ = {isa = PBXBuildFile; productRef = 5B4E63506FD94CA530D14D6D /* TOMLKit */; };
		743257A061195C7A878D17C0 /* SnippetConfigStore.swift in Sources */ = {isa = PBXBuildFile; fileRef = B991CEF306A2F20C57E572D0 /* SnippetConfigStore.swift */; };
		82D4193971247E9D69B94BB4 /* main.swift in Sources */ = {isa = PBXBuildFile; fileRef = CDD46196EA00B7F97FD86536 /* main.swift */; };
		90B0B907E129FAC313AAF22C /* LaunchAtLoginController.swift in Sources */ = {isa = PBXBuildFile; fileRef = D67BA9CF4BF6637A0324CCF0 /* LaunchAtLoginController.swift */; };
		919AD4DCEBC39BE3C17917A1 /* StatusItemController.swift in Sources */ = {isa = PBXBuildFile; fileRef = AE7A4019FD70F8FAB0FF251D /* StatusItemController.swift */; };
		9A306A987660FFAAFDEC9E80 /* Preferences.swift in Sources */ = {isa = PBXBuildFile; fileRef = 750196D34042C74D13EB4D01 /* Preferences.swift */; };
		B43FA8A2FF9621B9DF6BD9D4 /* AppModel.swift in Sources */ = {isa = PBXBuildFile; fileRef = E9A18ACFD3486B175A43E873 /* AppModel.swift */; };
		BA7326B4A5DA85776C1C5796 /* Cocoa.framework in Frameworks */ = {isa = PBXBuildFile; fileRef = 3854DD13B33D1A67D0719A1F /* Cocoa.framework */; };
		C5C614A4D6C12053317D33AE /* Snippet.swift in Sources */ = {isa = PBXBuildFile; fileRef = 3667C9F8066356F61AFC1132 /* Snippet.swift */; };
		CA61CB40458C52C69060DE16 /* SnippetEngine.swift in Sources */ = {isa = PBXBuildFile; fileRef = 5D595FE8967F873CD6FDCBA8 /* SnippetEngine.swift */; };
/* End PBXBuildFile section */

/* Begin PBXFileReference section */
		1802C511D59C563D70659E41 /* AppDelegate.swift */ = {isa = PBXFileReference; includeInIndex = 1; lastKnownFileType = sourcecode.swift; path = AppDelegate.swift; sourceTree = "<group>"; };
		3667C9F8066356F61AFC1132 /* Snippet.swift */ = {isa = PBXFileReference; includeInIndex = 1; lastKnownFileType = sourcecode.swift; path = Snippet.swift; sourceTree = "<group>"; };
		3854DD13B33D1A67D0719A1F /* Cocoa.framework */ = {isa = PBXFileReference; lastKnownFileType = wrapper.framework; name = Cocoa.framework; path = Platforms/MacOSX.platform/Developer/SDKs/MacOSX15.0.sdk/System/Library/Frameworks/Cocoa.framework; sourceTree = DEVELOPER_DIR; };
		426D8352038D814A93076BF7 /* TextInjector.swift */ = {isa = PBXFileReference; includeInIndex = 1; lastKnownFileType = sourcecode.swift; path = TextInjector.swift; sourceTree = "<group>"; };
		42958F682F4833CA00FCF6E0 /* Poof.icon */ = {isa = PBXFileReference; lastKnownFileType = folder.iconcomposer.icon; path = Poof.icon; sourceTree = "<group>"; };
		5D595FE8967F873CD6FDCBA8 /* SnippetEngine.swift */ = {isa = PBXFileReference; includeInIndex = 1; lastKnownFileType = sourcecode.swift; path = SnippetEngine.swift; sourceTree = "<group>"; };
		62380449A96CB799777AF1AD /* SnippetFileParser.swift */ = {isa = PBXFileReference; includeInIndex = 1; lastKnownFileType = sourcecode.swift; path = SnippetFileParser.swift; sourceTree = "<group>"; };
		750196D34042C74D13EB4D01 /* Preferences.swift */ = {isa = PBXFileReference; includeInIndex = 1; lastKnownFileType = sourcecode.swift; path = Preferences.swift; sourceTree = "<group>"; };
		AE659A198D1ADCC9AB58FCF8 /* Info.plist */ = {isa = PBXFileReference; includeInIndex = 1; lastKnownFileType = text.plist.xml; path = Info.plist; sourceTree = "<group>"; };
		AE7A4019FD70F8FAB0FF251D /* StatusItemController.swift */ = {isa = PBXFileReference; includeInIndex = 1; lastKnownFileType = sourcecode.swift; path = StatusItemController.swift; sourceTree = "<group>"; };
		AFC966D68D943BF7E0AC5241 /* Assets.xcassets */ = {isa = PBXFileReference; includeInIndex = 1; lastKnownFileType = folder.assetcatalog; path = Assets.xcassets; sourceTree = "<group>"; };
		B991CEF306A2F20C57E572D0 /* SnippetConfigStore.swift */ = {isa = PBXFileReference; includeInIndex = 1; lastKnownFileType = sourcecode.swift; path = SnippetConfigStore.swift; sourceTree = "<group>"; };
		C2A7C6230ED8D167AFBCB32A /* Poof.app */ = {isa = PBXFileReference; explicitFileType = wrapper.application; includeInIndex = 0; path = Poof.app; sourceTree = BUILT_PRODUCTS_DIR; };
		CDD46196EA00B7F97FD86536 /* main.swift */ = {isa = PBXFileReference; includeInIndex = 1; lastKnownFileType = sourcecode.swift; path = main.swift; sourceTree = "<group>"; };
		D67BA9CF4BF6637A0324CCF0 /* LaunchAtLoginController.swift */ = {isa = PBXFileReference; includeInIndex = 1; lastKnownFileType = sourcecode.swift; path = LaunchAtLoginController.swift; sourceTree = "<group>"; };
		DA69C5DA29B6D40589638C89 /* status-bar-icon.pdf */ = {isa = PBXFileReference; includeInIndex = 1; lastKnownFileType = image.pdf; path = "status-bar-icon.pdf"; sourceTree = "<group>"; };
		E9A18ACFD3486B175A43E873 /* AppModel.swift */ = {isa = PBXFileReference; includeInIndex = 1; lastKnownFileType = sourcecode.swift; path = AppModel.swift; sourceTree = "<group>"; };
		FD0801A60281E6F706FEA3A8 /* SettingsWindowController.swift */ = {isa = PBXFileReference; includeInIndex = 1; lastKnownFileType = sourcecode.swift; path = SettingsWindowController.swift; sourceTree = "<group>"; };
/* End PBXFileReference section */

/* Begin PBXFrameworksBuildPhase section */
		9B3809AABB7E04AB9A42AE58 /* Frameworks */ = {
			isa = PBXFrameworksBuildPhase;
			buildActionMask = 2147483647;
			files = (
				BA7326B4A5DA85776C1C5796 /* Cocoa.framework in Frameworks */,
				722A898297BB7CDEA8DFF900 /* TOMLKit in Frameworks */,
			);
			runOnlyForDeploymentPostprocessing = 0;
		};
/* End PBXFrameworksBuildPhase section */

/* Begin PBXGroup section */
		043E4AFCCE6103B0EDCD4C1E /* Resources */ = {
			isa = PBXGroup;
			children = (
				AFC966D68D943BF7E0AC5241 /* Assets.xcassets */,
				DA69C5DA29B6D40589638C89 /* status-bar-icon.pdf */,
			);
			path = Resources;
			sourceTree = "<group>";
		};
		21B525EC5B8DE82689D91B46 /* OS X */ = {
			isa = PBXGroup;
			children = (
				3854DD13B33D1A67D0719A1F /* Cocoa.framework */,
			);
			name = "OS X";
			sourceTree = "<group>";
		};
		3860073AB2106E26A1EF8B72 /* Frameworks */ = {
			isa = PBXGroup;
			children = (
				21B525EC5B8DE82689D91B46 /* OS X */,
			);
			name = Frameworks;
			sourceTree = "<group>";
		};
		42F577E0704188E4DCE21889 /* Products */ = {
			isa = PBXGroup;
			children = (
				C2A7C6230ED8D167AFBCB32A /* Poof.app */,
			);
			name = Products;
			sourceTree = "<group>";
		};
		8F748950F09C27B8AD4259AF /* Poof */ = {
			isa = PBXGroup;
			children = (
				42958F682F4833CA00FCF6E0 /* Poof.icon */,
				1802C511D59C563D70659E41 /* AppDelegate.swift */,
				E9A18ACFD3486B175A43E873 /* AppModel.swift */,
				AE659A198D1ADCC9AB58FCF8 /* Info.plist */,
				D67BA9CF4BF6637A0324CCF0 /* LaunchAtLoginController.swift */,
				CDD46196EA00B7F97FD86536 /* main.swift */,
				750196D34042C74D13EB4D01 /* Preferences.swift */,
				043E4AFCCE6103B0EDCD4C1E /* Resources */,
				FD0801A60281E6F706FEA3A8 /* SettingsWindowController.swift */,
				3667C9F8066356F61AFC1132 /* Snippet.swift */,
				B991CEF306A2F20C57E572D0 /* SnippetConfigStore.swift */,
				5D595FE8967F873CD6FDCBA8 /* SnippetEngine.swift */,
				62380449A96CB799777AF1AD /* SnippetFileParser.swift */,
				AE7A4019FD70F8FAB0FF251D /* StatusItemController.swift */,
				426D8352038D814A93076BF7 /* TextInjector.swift */,
			);
			name = Poof;
			path = Sources/Poof;
			sourceTree = "<group>";
		};
		AACF6C4D196ABCA589EB546F = {
			isa = PBXGroup;
			children = (
				3860073AB2106E26A1EF8B72 /* Frameworks */,
				8F748950F09C27B8AD4259AF /* Poof */,
				42F577E0704188E4DCE21889 /* Products */,
			);
			sourceTree = "<group>";
		};
/* End PBXGroup section */

/* Begin PBXNativeTarget section */
		3BA57AE191C1062B0A831B8C /* Poof */ = {
			isa = PBXNativeTarget;
			buildConfigurationList = 6A4CD7A24987E92DDACF9B0A /* Build configuration list for PBXNativeTarget "Poof" */;
			buildPhases = (
				CB29072DC17170759C004378 /* Sources */,
				9B3809AABB7E04AB9A42AE58 /* Frameworks */,
				5E995039683C845C461C03C0 /* Resources */,
			);
			buildRules = (
			);
			dependencies = (
			);
			name = Poof;
			packageProductDependencies = (
				5B4E63506FD94CA530D14D6D /* TOMLKit */,
			);
			productName = Poof;
			productReference = C2A7C6230ED8D167AFBCB32A /* Poof.app */;
			productType = "com.apple.product-type.application";
		};
/* End PBXNativeTarget section */

/* Begin PBXProject section */
		D882167F91F66F92465C83C9 /* Project object */ = {
			isa = PBXProject;
			attributes = {
				LastSwiftUpdateCheck = 1600;
				LastUpgradeCheck = 2600;
			};
			buildConfigurationList = 7A28CBEA3588684EB2F0420E /* Build configuration list for PBXProject "Poof" */;
			compatibilityVersion = "Xcode 16.0";
			developmentRegion = en;
			hasScannedForEncodings = 0;
			knownRegions = (
				en,
				Base,
			);
			mainGroup = AACF6C4D196ABCA589EB546F;
			packageReferences = (
				CC8A318F341295850AF9B05D /* XCRemoteSwiftPackageReference "TOMLKit" */,
			);
			productRefGroup = 42F577E0704188E4DCE21889 /* Products */;
			projectDirPath = "";
			projectRoot = "";
			targets = (
				3BA57AE191C1062B0A831B8C /* Poof */,
			);
		};
/* End PBXProject section */

/* Begin PBXResourcesBuildPhase section */
		5E995039683C845C461C03C0 /* Resources */ = {
			isa = PBXResourcesBuildPhase;
			buildActionMask = 2147483647;
			files = (
				42958F692F4833CA00FCF6E0 /* Poof.icon in Resources */,
				051A7F9F75A6C09CFEB9BD9A /* Assets.xcassets in Resources */,
				326D0E667C9F09848F661ECB /* status-bar-icon.pdf in Resources */,
			);
			runOnlyForDeploymentPostprocessing = 0;
		};
/* End PBXResourcesBuildPhase section */

/* Begin PBXSourcesBuildPhase section */
		CB29072DC17170759C004378 /* Sources */ = {
			isa = PBXSourcesBuildPhase;
			buildActionMask = 2147483647;
			files = (
				45617E6AFC530DDAB8DD85B8 /* AppDelegate.swift in Sources */,
				B43FA8A2FF9621B9DF6BD9D4 /* AppModel.swift in Sources */,
				90B0B907E129FAC313AAF22C /* LaunchAtLoginController.swift in Sources */,
				82D4193971247E9D69B94BB4 /* main.swift in Sources */,
				9A306A987660FFAAFDEC9E80 /* Preferences.swift in Sources */,
				0BD4B276A711C6805D006B38 /* SettingsWindowController.swift in Sources */,
				C5C614A4D6C12053317D33AE /* Snippet.swift in Sources */,
				743257A061195C7A878D17C0 /* SnippetConfigStore.swift in Sources */,
				CA61CB40458C52C69060DE16 /* SnippetEngine.swift in Sources */,
				2887088644EDD317744947D2 /* SnippetFileParser.swift in Sources */,
				919AD4DCEBC39BE3C17917A1 /* StatusItemController.swift in Sources */,
				48E1E79C141041D1D7FC91DA /* TextInjector.swift in Sources */,
			);
			runOnlyForDeploymentPostprocessing = 0;
		};
/* End PBXSourcesBuildPhase section */

/* Begin XCBuildConfiguration section */
		53689BF28318FE3DAA8189A2 /* Release */ = {
			isa = XCBuildConfiguration;
			buildSettings = {
				ASSETCATALOG_COMPILER_APPICON_NAME = Poof;
				CODE_SIGN_STYLE = Automatic;
				COMBINE_HIDPI_IMAGES = YES;
				CURRENT_PROJECT_VERSION = 1;
				GENERATE_INFOPLIST_FILE = NO;
				INFOPLIST_FILE = Sources/Poof/Info.plist;
				LD_RUNPATH_SEARCH_PATHS = (
					"$(inherited)",
					"@executable_path/../Frameworks",
				);
				MACOSX_DEPLOYMENT_TARGET = 14.0;
				MARKETING_VERSION = 0.1.0;
				PRODUCT_BUNDLE_IDENTIFIER = com.brnbw.Poof;
				PRODUCT_NAME = "$(TARGET_NAME)";
				SDKROOT = macosx;
				SWIFT_VERSION = 6.0;
			};
			name = Release;
		};
		70D4A921E182F7B4A979DABB /* Debug */ = {
			isa = XCBuildConfiguration;
			buildSettings = {
				ASSETCATALOG_COMPILER_APPICON_NAME = Poof;
				CODE_SIGN_STYLE = Automatic;
				COMBINE_HIDPI_IMAGES = YES;
				CURRENT_PROJECT_VERSION = 1;
				GENERATE_INFOPLIST_FILE = NO;
				INFOPLIST_FILE = Sources/Poof/Info.plist;
				LD_RUNPATH_SEARCH_PATHS = (
					"$(inherited)",
					"@executable_path/../Frameworks",
				);
				MACOSX_DEPLOYMENT_TARGET = 14.0;
				MARKETING_VERSION = 0.1.0;
				PRODUCT_BUNDLE_IDENTIFIER = com.brnbw.Poof;
				PRODUCT_NAME = "$(TARGET_NAME)";
				SDKROOT = macosx;
				SWIFT_VERSION = 6.0;
			};
			name = Debug;
		};
		8188B3CB839081C75DA93F57 /* Debug */ = {
			isa = XCBuildConfiguration;
			buildSettings = {
				ALWAYS_SEARCH_USER_PATHS = NO;
				CLANG_ANALYZER_NONNULL = YES;
				CLANG_ANALYZER_NUMBER_OBJECT_CONVERSION = YES_AGGRESSIVE;
				CLANG_CXX_LANGUAGE_STANDARD = "gnu++14";
				CLANG_CXX_LIBRARY = "libc++";
				CLANG_ENABLE_MODULES = YES;
				CLANG_ENABLE_OBJC_ARC = YES;
				CLANG_ENABLE_OBJC_WEAK = YES;
				CLANG_WARN_BLOCK_CAPTURE_AUTORELEASING = YES;
				CLANG_WARN_BOOL_CONVERSION = YES;
				CLANG_WARN_COMMA = YES;
				CLANG_WARN_CONSTANT_CONVERSION = YES;
				CLANG_WARN_DEPRECATED_OBJC_IMPLEMENTATIONS = YES;
				CLANG_WARN_DIRECT_OBJC_ISA_USAGE = YES_ERROR;
				CLANG_WARN_DOCUMENTATION_COMMENTS = YES;
				CLANG_WARN_EMPTY_BODY = YES;
				CLANG_WARN_ENUM_CONVERSION = YES;
				CLANG_WARN_INFINITE_RECURSION = YES;
				CLANG_WARN_INT_CONVERSION = YES;
				CLANG_WARN_NON_LITERAL_NULL_CONVERSION = YES;
				CLANG_WARN_OBJC_IMPLICIT_RETAIN_SELF = YES;
				CLANG_WARN_OBJC_LITERAL_CONVERSION = YES;
				CLANG_WARN_OBJC_ROOT_CLASS = YES_ERROR;
				CLANG_WARN_QUOTED_INCLUDE_IN_FRAMEWORK_HEADER = YES;
				CLANG_WARN_RANGE_LOOP_ANALYSIS = YES;
				CLANG_WARN_STRICT_PROTOTYPES = YES;
				CLANG_WARN_SUSPICIOUS_MOVE = YES;
				CLANG_WARN_UNGUARDED_AVAILABILITY = YES_AGGRESSIVE;
				CLANG_WARN_UNREACHABLE_CODE = YES;
				CLANG_WARN__DUPLICATE_METHOD_MATCH = YES;
				COPY_PHASE_STRIP = NO;
				DEBUG_INFORMATION_FORMAT = dwarf;
				ENABLE_STRICT_OBJC_MSGSEND = YES;
				ENABLE_TESTABILITY = YES;
				GCC_C_LANGUAGE_STANDARD = gnu11;
				GCC_DYNAMIC_NO_PIC = NO;
				GCC_NO_COMMON_BLOCKS = YES;
				GCC_OPTIMIZATION_LEVEL = 0;
				GCC_PREPROCESSOR_DEFINITIONS = (
					"DEBUG=1",
					"$(inherited)",
				);
				GCC_WARN_64_TO_32_BIT_CONVERSION = YES;
				GCC_WARN_ABOUT_RETURN_TYPE = YES_ERROR;
				GCC_WARN_UNDECLARED_SELECTOR = YES;
				GCC_WARN_UNINITIALIZED_AUTOS = YES_AGGRESSIVE;
				GCC_WARN_UNUSED_FUNCTION = YES;
				GCC_WARN_UNUSED_VARIABLE = YES;
				MACOSX_DEPLOYMENT_TARGET = 14.0;
				MTL_ENABLE_DEBUG_INFO = INCLUDE_SOURCE;
				MTL_FAST_MATH = YES;
				ONLY_ACTIVE_ARCH = YES;
				PRODUCT_NAME = "$(TARGET_NAME)";
				SWIFT_ACTIVE_COMPILATION_CONDITIONS = DEBUG;
				SWIFT_OPTIMIZATION_LEVEL = "-Onone";
				SWIFT_VERSION = 5.0;
			};
			name = Debug;
		};
		DC44383CD32537BF94CBD59D /* Release */ = {
			isa = XCBuildConfiguration;
			buildSettings = {
				ALWAYS_SEARCH_USER_PATHS = NO;
				CLANG_ANALYZER_NONNULL = YES;
				CLANG_ANALYZER_NUMBER_OBJECT_CONVERSION = YES_AGGRESSIVE;
				CLANG_CXX_LANGUAGE_STANDARD = "gnu++14";
				CLANG_CXX_LIBRARY = "libc++";
				CLANG_ENABLE_MODULES = YES;
				CLANG_ENABLE_OBJC_ARC = YES;
				CLANG_ENABLE_OBJC_WEAK = YES;
				CLANG_WARN_BLOCK_CAPTURE_AUTORELEASING = YES;
				CLANG_WARN_BOOL_CONVERSION = YES;
				CLANG_WARN_COMMA = YES;
				CLANG_WARN_CONSTANT_CONVERSION = YES;
				CLANG_WARN_DEPRECATED_OBJC_IMPLEMENTATIONS = YES;
				CLANG_WARN_DIRECT_OBJC_ISA_USAGE = YES_ERROR;
				CLANG_WARN_DOCUMENTATION_COMMENTS = YES;
				CLANG_WARN_EMPTY_BODY = YES;
				CLANG_WARN_ENUM_CONVERSION = YES;
				CLANG_WARN_INFINITE_RECURSION = YES;
				CLANG_WARN_INT_CONVERSION = YES;
				CLANG_WARN_NON_LITERAL_NULL_CONVERSION = YES;
				CLANG_WARN_OBJC_IMPLICIT_RETAIN_SELF = YES;
				CLANG_WARN_OBJC_LITERAL_CONVERSION = YES;
				CLANG_WARN_OBJC_ROOT_CLASS = YES_ERROR;
				CLANG_WARN_QUOTED_INCLUDE_IN_FRAMEWORK_HEADER = YES;
				CLANG_WARN_RANGE_LOOP_ANALYSIS = YES;
				CLANG_WARN_STRICT_PROTOTYPES = YES;
				CLANG_WARN_SUSPICIOUS_MOVE = YES;
				CLANG_WARN_UNGUARDED_AVAILABILITY = YES_AGGRESSIVE;
				CLANG_WARN_UNREACHABLE_CODE = YES;
				CLANG_WARN__DUPLICATE_METHOD_MATCH = YES;
				COPY_PHASE_STRIP = NO;
				DEBUG_INFORMATION_FORMAT = "dwarf-with-dsym";
				ENABLE_NS_ASSERTIONS = NO;
				ENABLE_STRICT_OBJC_MSGSEND = YES;
				GCC_C_LANGUAGE_STANDARD = gnu11;
				GCC_NO_COMMON_BLOCKS = YES;
				GCC_WARN_64_TO_32_BIT_CONVERSION = YES;
				GCC_WARN_ABOUT_RETURN_TYPE = YES_ERROR;
				GCC_WARN_UNDECLARED_SELECTOR = YES;
				GCC_WARN_UNINITIALIZED_AUTOS = YES_AGGRESSIVE;
				GCC_WARN_UNUSED_FUNCTION = YES;
				GCC_WARN_UNUSED_VARIABLE = YES;
				MACOSX_DEPLOYMENT_TARGET = 14.0;
				MTL_ENABLE_DEBUG_INFO = NO;
				MTL_FAST_MATH = YES;
				PRODUCT_NAME = "$(TARGET_NAME)";
				SWIFT_COMPILATION_MODE = wholemodule;
				SWIFT_OPTIMIZATION_LEVEL = "-O";
				SWIFT_VERSION = 5.0;
			};
			name = Release;
		};
/* End XCBuildConfiguration section */

/* Begin XCConfigurationList section */
		6A4CD7A24987E92DDACF9B0A /* Build configuration list for PBXNativeTarget "Poof" */ = {
			isa = XCConfigurationList;
			buildConfigurations = (
				70D4A921E182F7B4A979DABB /* Debug */,
				53689BF28318FE3DAA8189A2 /* Release */,
			);
			defaultConfigurationIsVisible = 0;
			defaultConfigurationName = Release;
		};
		7A28CBEA3588684EB2F0420E /* Build configuration list for PBXProject "Poof" */ = {
			isa = XCConfigurationList;
			buildConfigurations = (
				8188B3CB839081C75DA93F57 /* Debug */,
				DC44383CD32537BF94CBD59D /* Release */,
			);
			defaultConfigurationIsVisible = 0;
			defaultConfigurationName = Release;
		};
/* End XCConfigurationList section */

/* Begin XCRemoteSwiftPackageReference section */
		CC8A318F341295850AF9B05D /* XCRemoteSwiftPackageReference "TOMLKit" */ = {
			isa = XCRemoteSwiftPackageReference;
			repositoryURL = "https://github.com/LebJe/TOMLKit";
			requirement = {
				kind = upToNextMajorVersion;
				minimumVersion = 0.6.0;
			};
		};
/* End XCRemoteSwiftPackageReference section */

/* Begin XCSwiftPackageProductDependency section */
		5B4E63506FD94CA530D14D6D /* TOMLKit */ = {
			isa = XCSwiftPackageProductDependency;
			package = CC8A318F341295850AF9B05D /* XCRemoteSwiftPackageReference "TOMLKit" */;
			productName = TOMLKit;
		};
/* End XCSwiftPackageProductDependency section */
	};
	rootObject = D882167F91F66F92465C83C9 /* Project object */;
}
